
Microsoft Visual Studio Solution File, Format Version 12.00
# Visual Studio 14
VisualStudioVersion = 14.0.25420.1
MinimumVisualStudioVersion = 10.0.40219.1
Project("{2150E333-8FDC-42A3-9474-1A3956D46DE8}") = "0 Common", "0 Common", "{A2BE16EF-043F-454C-9C11-6F6EF80D0FB1}"
EndProject
Project("{2150E333-8FDC-42A3-9474-1A3956D46DE8}") = "1 Presentation", "1 Presentation", "{6A8589B4-2C28-4590-9B1B-1BD499C46309}"
EndProject
Project("{2150E333-8FDC-42A3-9474-1A3956D46DE8}") = "2 Service", "2 Service", "{3726BCED-E240-483E-B92E-870D0F9A05A7}"
EndProject
Project("{2150E333-8FDC-42A3-9474-1A3956D46DE8}") = "3 BLL", "3 BLL", "{DACECC0E-A31D-46CD-B367-86F1CCC082DC}"
EndProject
Project("{2150E333-8FDC-42A3-9474-1A3956D46DE8}") = "4 DAL", "4 DAL", "{577BA2E7-2CAE-4F01-BC6E-F3B3E308D9FC}"
EndProject
Project("{2150E333-8FDC-42A3-9474-1A3956D46DE8}") = "5 Test", "5 Test", "{E4CD8143-C967-422D-811B-0B5F7C098F82}"
EndProject
Project("{FAE04EC0-301F-11D3-BF4B-00C04F79EFBC}") = "OpenQbit.Accounts.Service.WebAPIService", "OpenQbit.Accounts.Service.WebAPIService\OpenQbit.Accounts.Service.WebAPIService.csproj", "{1EF257D9-782E-4C8E-9DDE-F3436320B45F}"
EndProject
Project("{FAE04EC0-301F-11D3-BF4B-00C04F79EFBC}") = "OpenQbit.Accounts.DAL.DataAccess", "OpenQbit.Accounts.DAL.DataAccess\OpenQbit.Accounts.DAL.DataAccess.csproj", "{4C5A30C2-7CB6-47A0-9518-4FE3DCAE2EF5}"
EndProject
Project("{FAE04EC0-301F-11D3-BF4B-00C04F79EFBC}") = "OpenQbit.Accounts.DAL.DataAccess.Contracts", "OpenQbit.Accounts.DAL.DataAccess.Contracts\OpenQbit.Accounts.DAL.DataAccess.Contracts.csproj", "{133B9087-5731-4414-936C-35B0E761097E}"
EndProject
Project("{2150E333-8FDC-42A3-9474-1A3956D46DE8}") = "Utils", "Utils", "{7638D887-1C92-4FB8-A9B6-2855DB0CEFF2}"
EndProject
Project("{FAE04EC0-301F-11D3-BF4B-00C04F79EFBC}") = "OpenQubit.Account.Common.Utils.Logs", "OpenQubit.Account.Common.Utils.Logs\OpenQubit.Account.Common.Utils.Logs.csproj", "{ECA032E0-44C5-428B-A598-598FB419FC0F}"
EndProject
Project("{FAE04EC0-301F-11D3-BF4B-00C04F79EFBC}") = "OpenQubit.Account.Common.Ioc", "OpenQubit.Account.Common.Ioc\OpenQubit.Account.Common.Ioc.csproj", "{EAA9F267-38EF-494B-97E1-F9CF4256868E}"
EndProject
Project("{FAE04EC0-301F-11D3-BF4B-00C04F79EFBC}") = "OpenQubit.Account.Common.Models", "OpenQbit.Accounts.Common.Model\OpenQubit.Account.Common.Models.csproj", "{28F2D86C-E422-4269-B0D9-49FB1FD35086}"
EndProject
Project("{FAE04EC0-301F-11D3-BF4B-00C04F79EFBC}") = "OpenQbit.Accounts.BLL.AccountService", "OpenQbit.Accounts.BLL.AccountService\OpenQbit.Accounts.BLL.AccountService.csproj", "{A647AD28-8C97-4D70-A17D-29F69C8CD96C}"
EndProject
Project("{FAE04EC0-301F-11D3-BF4B-00C04F79EFBC}") = "OpenQbit.Accounts.BLL.AccountService.Contracts", "OpenQbit.Accounts.BLL.AccountService.Contracts\OpenQbit.Accounts.BLL.AccountService.Contracts.csproj", "{D0524AEA-8A11-4A3E-B660-48C2B6004CB7}"
EndProject
Global
	GlobalSection(SolutionConfigurationPlatforms) = preSolution
		Debug|Any CPU = Debug|Any CPU
		Release|Any CPU = Release|Any CPU
	EndGlobalSection
	GlobalSection(ProjectConfigurationPlatforms) = postSolution
		{1EF257D9-782E-4C8E-9DDE-F3436320B45F}.Debug|Any CPU.ActiveCfg = Debug|Any CPU
		{1EF257D9-782E-4C8E-9DDE-F3436320B45F}.Debug|Any CPU.Build.0 = Debug|Any CPU
		{1EF257D9-782E-4C8E-9DDE-F3436320B45F}.Release|Any CPU.ActiveCfg = Release|Any CPU
		{1EF257D9-782E-4C8E-9DDE-F3436320B45F}.Release|Any CPU.Build.0 = Release|Any CPU
		{4C5A30C2-7CB6-47A0-9518-4FE3DCAE2EF5}.Debug|Any CPU.ActiveCfg = Debug|Any CPU
		{4C5A30C2-7CB6-47A0-9518-4FE3DCAE2EF5}.Debug|Any CPU.Build.0 = Debug|Any CPU
		{4C5A30C2-7CB6-47A0-9518-4FE3DCAE2EF5}.Release|Any CPU.ActiveCfg = Release|Any CPU
		{4C5A30C2-7CB6-47A0-9518-4FE3DCAE2EF5}.Release|Any CPU.Build.0 = Release|Any CPU
		{133B9087-5731-4414-936C-35B0E761097E}.Debug|Any CPU.ActiveCfg = Debug|Any CPU
		{133B9087-5731-4414-936C-35B0E761097E}.Debug|Any CPU.Build.0 = Debug|Any CPU
		{133B9087-5731-4414-936C-35B0E761097E}.Release|Any CPU.ActiveCfg = Release|Any CPU
		{133B9087-5731-4414-936C-35B0E761097E}.Release|Any CPU.Build.0 = Release|Any CPU
		{ECA032E0-44C5-428B-A598-598FB419FC0F}.Debug|Any CPU.ActiveCfg = Debug|Any CPU
		{ECA032E0-44C5-428B-A598-598FB419FC0F}.Debug|Any CPU.Build.0 = Debug|Any CPU
		{ECA032E0-44C5-428B-A598-598FB419FC0F}.Release|Any CPU.ActiveCfg = Release|Any CPU
		{ECA032E0-44C5-428B-A598-598FB419FC0F}.Release|Any CPU.Build.0 = Release|Any CPU
		{EAA9F267-38EF-494B-97E1-F9CF4256868E}.Debug|Any CPU.ActiveCfg = Debug|Any CPU
		{EAA9F267-38EF-494B-97E1-F9CF4256868E}.Debug|Any CPU.Build.0 = Debug|Any CPU
		{EAA9F267-38EF-494B-97E1-F9CF4256868E}.Release|Any CPU.ActiveCfg = Release|Any CPU
		{EAA9F267-38EF-494B-97E1-F9CF4256868E}.Release|Any CPU.Build.0 = Release|Any CPU
		{28F2D86C-E422-4269-B0D9-49FB1FD35086}.Debug|Any CPU.ActiveCfg = Debug|Any CPU
		{28F2D86C-E422-4269-B0D9-49FB1FD35086}.Debug|Any CPU.Build.0 = Debug|Any CPU
		{28F2D86C-E422-4269-B0D9-49FB1FD35086}.Release|Any CPU.ActiveCfg = Release|Any CPU
		{28F2D86C-E422-4269-B0D9-49FB1FD35086}.Release|Any CPU.Build.0 = Release|Any CPU
		{A647AD28-8C97-4D70-A17D-29F69C8CD96C}.Debug|Any CPU.ActiveCfg = Debug|Any CPU
		{A647AD28-8C97-4D70-A17D-29F69C8CD96C}.Debug|Any CPU.Build.0 = Debug|Any CPU
		{A647AD28-8C97-4D70-A17D-29F69C8CD96C}.Release|Any CPU.ActiveCfg = Release|Any CPU
		{A647AD28-8C97-4D70-A17D-29F69C8CD96C}.Release|Any CPU.Build.0 = Release|Any CPU
		{D0524AEA-8A11-4A3E-B660-48C2B6004CB7}.Debug|Any CPU.ActiveCfg = Debug|Any CPU
		{D0524AEA-8A11-4A3E-B660-48C2B6004CB7}.Debug|Any CPU.Build.0 = Debug|Any CPU
		{D0524AEA-8A11-4A3E-B660-48C2B6004CB7}.Release|Any CPU.ActiveCfg = Release|Any CPU
		{D0524AEA-8A11-4A3E-B660-48C2B6004CB7}.Release|Any CPU.Build.0 = Release|Any CPU
	EndGlobalSection
	GlobalSection(SolutionProperties) = preSolution
		HideSolutionNode = FALSE
	EndGlobalSection
	GlobalSection(NestedProjects) = preSolution
		{1EF257D9-782E-4C8E-9DDE-F3436320B45F} = {3726BCED-E240-483E-B92E-870D0F9A05A7}
		{4C5A30C2-7CB6-47A0-9518-4FE3DCAE2EF5} = {577BA2E7-2CAE-4F01-BC6E-F3B3E308D9FC}
		{133B9087-5731-4414-936C-35B0E761097E} = {577BA2E7-2CAE-4F01-BC6E-F3B3E308D9FC}
		{7638D887-1C92-4FB8-A9B6-2855DB0CEFF2} = {A2BE16EF-043F-454C-9C11-6F6EF80D0FB1}
		{ECA032E0-44C5-428B-A598-598FB419FC0F} = {7638D887-1C92-4FB8-A9B6-2855DB0CEFF2}
		{EAA9F267-38EF-494B-97E1-F9CF4256868E} = {A2BE16EF-043F-454C-9C11-6F6EF80D0FB1}
		{28F2D86C-E422-4269-B0D9-49FB1FD35086} = {A2BE16EF-043F-454C-9C11-6F6EF80D0FB1}
		{A647AD28-8C97-4D70-A17D-29F69C8CD96C} = {DACECC0E-A31D-46CD-B367-86F1CCC082DC}
		{D0524AEA-8A11-4A3E-B660-48C2B6004CB7} = {DACECC0E-A31D-46CD-B367-86F1CCC082DC}
	EndGlobalSection
EndGlobal
